
Microsoft Visual Studio Solution File, Format Version 12.00
# Visual Studio Version 17
VisualStudioVersion = 17.0.31903.59
MinimumVisualStudioVersion = 10.0.40219.1
Project("{FAE04EC0-301F-11D3-BF4B-00C04F79EFBC}") = "Veritas", "Veritas\Veritas.csproj", "{2ACFF05C-ABF2-4C62-870D-7F92CA534083}"
EndProject
Project("{FAE04EC0-301F-11D3-BF4B-00C04F79EFBC}") = "Veritas.Tests", "Veritas.Tests\Veritas.Tests.csproj", "{6DCC304E-E019-4BDD-BBB0-81287BCE8100}"
EndProject
Global
	GlobalSection(SolutionConfigurationPlatforms) = preSolution
		Debug|Any CPU = Debug|Any CPU
		Release|Any CPU = Release|Any CPU
	EndGlobalSection
	GlobalSection(SolutionProperties) = preSolution
		HideSolutionNode = FALSE
	EndGlobalSection
	GlobalSection(ProjectConfigurationPlatforms) = postSolution
		{2ACFF05C-ABF2-4C62-870D-7F92CA534083}.Debug|Any CPU.ActiveCfg = Debug|Any CPU
		{2ACFF05C-ABF2-4C62-870D-7F92CA534083}.Debug|Any CPU.Build.0 = Debug|Any CPU
		{2ACFF05C-ABF2-4C62-870D-7F92CA534083}.Release|Any CPU.ActiveCfg = Release|Any CPU
		{2ACFF05C-ABF2-4C62-870D-7F92CA534083}.Release|Any CPU.Build.0 = Release|Any CPU
		{6DCC304E-E019-4BDD-BBB0-81287BCE8100}.Debug|Any CPU.ActiveCfg = Debug|Any CPU
		{6DCC304E-E019-4BDD-BBB0-81287BCE8100}.Debug|Any CPU.Build.0 = Debug|Any CPU
		{6DCC304E-E019-4BDD-BBB0-81287BCE8100}.Release|Any CPU.ActiveCfg = Release|Any CPU
		{6DCC304E-E019-4BDD-BBB0-81287BCE8100}.Release|Any CPU.Build.0 = Release|Any CPU
	EndGlobalSection
EndGlobal
